{
  "current_commit": "9a93fd2fef278d5a179f6d9539250a90dde9e723",
  "current_commit_tree": "65409845870c9ea5930df56322eadd4e390496ad",
  "working_tree_has_uncommitted_changes": true,
  "generation_time": "2026-09-02T13:35+09:00",
  "generation_basis": "Generated from the latest verified product source plus the planned evidence-panel and dependency/runtime changes before commit. A post-verification regeneration will advance current_commit to the resulting product commit.",
  "scanned_scope": ["src/main","src/preload","src/renderer","web/src/client","web/src/server","web/src/shared","web/src/tools","web/e2e","web/migrations","web/ops","web/scripts","web/Dockerfile","web/.nvmrc","web/kustomization.yaml","web/openshift*.yaml","web/openapi.yaml","web/package.json","web/package-lock.json","package.json","package-lock.json",".github/workflows","import-examples"],
  "planned_changed_modules": ["web/src/client","web/src/server","web/e2e","web/runtime-manifests","web/ui-foundations","dependency-manifests",".github/workflows"],
  "planned_dependency_boundary": {
    "sanitize-html": "2.17.7",
    "node": "22.12.0",
    "audit_level": "moderate"
  },
  "planned_ui_behavior": {
    "evidence_panel_shadow": "none",
    "direct_success_message_margin_top": "var(--space-4, 1rem)",
    "direct_error_message_margin_top": "var(--space-4, 1rem)"
  },
  "previous_lock_commit": "fbfd40a21a7f2e38c3ad27f7245b1c1a5a0c9db4",
  "baseline_verification": {
    "workflow": "Web CI",
    "run_id": 33583803359,
    "typecheck": "passed",
    "unit_api": "55 passed, 2 skipped",
    "mariadb_integration": "2 passed",
    "build": "passed",
    "chromium_e2e": "24 passed",
    "security_audit": "high gate passed; 1 moderate sanitize-html advisory remained"
  },
  "excluded_generated_codemap_from_fingerprints": true
}
