{
  "current_commit": "b7f68dfd0985445d13f2b7afa6e91ecf9c51ff4f",
  "working_tree_has_uncommitted_changes": false,
  "generation_time": "2026-08-21T13:53:00+09:00",
  "generation_basis": "clean product-source snapshot after the Excel example-row task; subsequent codemap-only commits do not alter scanned product sources",
  "scanned_scope": [
    "src/main",
    "src/preload",
    "src/renderer",
    "web/src/client",
    "web/src/server",
    "web/src/shared",
    "web/src/tools",
    "web/e2e",
    "web/migrations",
    "web/ops",
    "web/scripts",
    "web/Dockerfile",
    "web/kustomization.yaml",
    "web/openshift*.yaml",
    "package.json",
    "web/package.json",
    ".github/workflows",
    "import-examples"
  ],
  "fingerprint_algorithm": {
    "name": "sha256-git-tree-v2",
    "description": "Directory modules use SHA-256 of 'codemap-module-v1\\0tree\\0<module>\\0<git-tree-sha>'. Tracked-file modules use SHA-256 of 'codemap-module-v2\\0tracked-files\\0<module>\\0' plus sorted '<path>\\0<blob-sha>' lines.",
    "content_basis": "tracked file paths and tracked file contents at current_commit"
  },
  "modules": {
    "src/main": {"mode":"git-tree","source_tree_sha":"5c476d0bf75d645bff64eea8c589c8f74c653956","fingerprint":"3483c1458d166c1dea7f7f3a7c87c144361f24fe7fa0d8b6282a0787f7ea5671"},
    "src/preload": {"mode":"git-tree","source_tree_sha":"3541ccaf51641af47f1bf5ca0839782039e9c335","fingerprint":"3e18485f7fa3a0d069b452f4fd17af7fda1b20fd87d66fe75ccdf587e5355144"},
    "src/renderer": {"mode":"git-tree","source_tree_sha":"094202631b8e48e0db00a5308d4e39392e5f7f1f","fingerprint":"4dc4a7fd4a765f08f303766466f9346be957ce85f689b94a34e0b78338f40280"},
    "web/src/client": {"mode":"git-tree","source_tree_sha":"c624fe09f235cc1d341267006fb2e1a7115f56d0","fingerprint":"cbb4573fc020ecaef374c943fff80a6ca0d47f3f83afc78d95d1caf278fc5022"},
    "web/src/server": {"mode":"git-tree","source_tree_sha":"39cb2927cb2a118d2d53d6211a793de508e7e7bf","fingerprint":"c015eb5d99d7c92bb6849ad37e3fd44d984fd4373a3198264913f84a7cbf37bc"},
    "web/src/shared": {"mode":"git-tree","source_tree_sha":"ca86705e76101bfd37b2b15464e5f032ef7bfc4a","fingerprint":"3ff755beecb9b44a3f75327ca5d53e141af2985b06ae0ff9f5f60c025797bad3"},
    "web/src/tools": {"mode":"git-tree","source_tree_sha":"656b68d6fa24118fe2ccacebedca695fa3c82cd3","fingerprint":"c9d4d4fdf968e38a5c1acf89f31a398eecf0f83c0ada04c8edb320cada1d7fff"},
    "web/e2e": {"mode":"git-tree","source_tree_sha":"3d37c797ffed3e9ba5f577eb117703184be79006","fingerprint":"cce1a7654ccf66f6e5deb6584a4594847e0543ba442165e4aa406f25530d5cb2"},
    "web/migrations": {"mode":"git-tree","source_tree_sha":"6ad072b65b41f9cc944aa882a61e5ba69e921594","fingerprint":"313ca6d7221747a06f9465ce19ee6b81719be0df4199e71eed3899529f241166"},
    "web/ops": {"mode":"git-tree","source_tree_sha":"91a9305bc2bc04ba23374d041ca90b69320cb9d8","fingerprint":"a202a6f22e482a9c839f5778e5d98d5e005f03966e2f1730392f1c03b96d7019"},
    "web/scripts": {"mode":"git-tree","source_tree_sha":"ef8f248b3523b7f808efb142e40dac1d263c5eb1","fingerprint":"920e47d56cd30b6f56444c0e90eccb20c46c9aa8c5bc97f2c1fc703760d191d3"},
    "import-examples": {"mode":"git-tree","source_tree_sha":"2d8e9dbf04c70fa72ee9c44a88ca004a66659a3f","fingerprint":"170715adda56db0521bb4d5221fff4a21ac76fd1180782689ff369069daf21f2"},
    ".github/workflows": {"mode":"git-tree","source_tree_sha":"dbb6423c5c4989eb7218dca342417cb5f4c5138e","fingerprint":"60a531451e0d5fa6e4391ed56886e6692afa4f00d0cce0ef14b6d1214f340772"},
    "web/runtime-manifests": {"mode":"tracked-files","paths":["web/Dockerfile","web/kustomization.yaml","web/openshift-build.yaml","web/openshift-operations.yaml","web/openshift-retention.yaml","web/openshift-secrets.example.yaml","web/openshift.yaml"],"fingerprint":"c4c92e08f570d76dd1890e6bd6792d27d8d9c50b07e89590f44a7efb39a91a3c"},
    "dependency-manifests": {"mode":"tracked-files","paths":["package-lock.json","package.json","web/package-lock.json","web/package.json"],"fingerprint":"58603ac40a4b7916a1ff4bbb78c60c116714d7b14194b32a25f2660bad489595"}
  },
  "previous_lock_commit": "dee33eb005474e1644a6f211855fb93cc05ac3c8",
  "changed_modules_since_previous_lock": ["web/src/server", "web/e2e"],
  "baseline_status": "The simplified 3-sheet Excel template and thin grids remain; actual examples now occupy input rows 2-3 and common-data row 2, with Unit/E2E coverage asserting the simplified shape.",
  "excluded_generated_codemap_from_fingerprints": true
}
